{
  "name": "pr-checklist-generator",
  "version": "0.2.1",
  "lockfileVersion": 3,
  "requires": true,
  "packages": {
    "": {
      "name": "pr-checklist-generator",
      "version": "0.2.1",
      "license": "MIT",
      "bin": {
        "pr-checklist": "bin/pr-checklist.js"
      },
      "engines": {
        "node": ">=18"
      }
    }
  }
}
